
Microsoft Visual Studio Solution File, Format Version 12.00
# Visual Studio Version 17
VisualStudioVersion = 17.11.35219.272
MinimumVisualStudioVersion = 10.0.40219.1
Project("{FAE04EC0-301F-11D3-BF4B-00C04F79EFBC}") = "ResourcePeldakButton", "ResourcePeldakButton\ResourcePeldakButton.csproj", "{04643F7D-6318-410C-A2F4-C4F319BA273F}"
EndProject
Global
	GlobalSection(SolutionConfigurationPlatforms) = preSolution
		Debug|Any CPU = Debug|Any CPU
		Release|Any CPU = Release|Any CPU
	EndGlobalSection
	GlobalSection(ProjectConfigurationPlatforms) = postSolution
		{04643F7D-6318-410C-A2F4-C4F319BA273F}.Debug|Any CPU.ActiveCfg = Debug|Any CPU
		{04643F7D-6318-410C-A2F4-C4F319BA273F}.Debug|Any CPU.Build.0 = Debug|Any CPU
		{04643F7D-6318-410C-A2F4-C4F319BA273F}.Release|Any CPU.ActiveCfg = Release|Any CPU
		{04643F7D-6318-410C-A2F4-C4F319BA273F}.Release|Any CPU.Build.0 = Release|Any CPU
	EndGlobalSection
	GlobalSection(SolutionProperties) = preSolution
		HideSolutionNode = FALSE
	EndGlobalSection
	GlobalSection(ExtensibilityGlobals) = postSolution
		SolutionGuid = {DC5EADDA-7BF5-450A-83F7-DDD45F42774D}
	EndGlobalSection
EndGlobal
